// !$*UTF8*$!
{
	archiveVersion = 1;
	classes = {
	};
	objectVersion = 50;
	objects = {

/* Begin PBXBuildFile section */
		79DB19612096FDD8002E7F6D /* AppDelegate.swift in Sources */ = {isa = PBXBuildFile; fileRef = 79DB19602096FDD8002E7F6D /* AppDelegate.swift */; };
		79DB19632096FDD8002E7F6D /* WelcomeVC.swift in Sources */ = {isa = PBXBuildFile; fileRef = 79DB19622096FDD8002E7F6D /* WelcomeVC.swift */; };
		79DB19662096FDD8002E7F6D /* Main.storyboard in Resources */ = {isa = PBXBuildFile; fileRef = 79DB19642096FDD8002E7F6D /* Main.storyboard */; };
		79DB19682096FDDA002E7F6D /* Assets.xcassets in Resources */ = {isa = PBXBuildFile; fileRef = 79DB19672096FDDA002E7F6D /* Assets.xcassets */; };
		79DB196B2096FDDA002E7F6D /* LaunchScreen.storyboard in Resources */ = {isa = PBXBuildFile; fileRef = 79DB19692096FDDA002E7F6D /* LaunchScreen.storyboard */; };
		79DB1974209704E0002E7F6D /* BorderButton.swift in Sources */ = {isa = PBXBuildFile; fileRef = 79DB1973209704E0002E7F6D /* BorderButton.swift */; };
		79DB19782097D478002E7F6D /* LeagueVC.swift in Sources */ = {isa = PBXBuildFile; fileRef = 79DB19772097D478002E7F6D /* LeagueVC.swift */; };
		79DB197A2097D488002E7F6D /* SkillVC.swift in Sources */ = {isa = PBXBuildFile; fileRef = 79DB19792097D488002E7F6D /* SkillVC.swift */; };
		79DB197C2097DE39002E7F6D /* Player.swift in Sources */ = {isa = PBXBuildFile; fileRef = 79DB197B2097DE39002E7F6D /* Player.swift */; };
/* End PBXBuildFile section */

/* Begin PBXFileReference section */
		79DB195D2096FDD8002E7F6D /* app-swoosh.app */ = {isa = PBXFileReference; explicitFileType = wrapper.application; includeInIndex = 0; path = "app-swoosh.app"; sourceTree = BUILT_PRODUCTS_DIR; };
		79DB19602096FDD8002E7F6D /* AppDelegate.swift */ = {isa = PBXFileReference; lastKnownFileType = sourcecode.swift; path = AppDelegate.swift; sourceTree = "<group>"; };
		79DB19622096FDD8002E7F6D /* WelcomeVC.swift */ = {isa = PBXFileReference; lastKnownFileType = sourcecode.swift; path = WelcomeVC.swift; sourceTree = "<group>"; };
		79DB19652096FDD8002E7F6D /* Base */ = {isa = PBXFileReference; lastKnownFileType = file.storyboard; name = Base; path = Base.lproj/Main.storyboard; sourceTree = "<group>"; };
		79DB19672096FDDA002E7F6D /* Assets.xcassets */ = {isa = PBXFileReference; lastKnownFileType = folder.assetcatalog; path = Assets.xcassets; sourceTree = "<group>"; };
		79DB196A2096FDDA002E7F6D /* Base */ = {isa = PBXFileReference; lastKnownFileType = file.storyboard; name = Base; path = Base.lproj/LaunchScreen.storyboard; sourceTree = "<group>"; };
		79DB196C2096FDDA002E7F6D /* Info.plist */ = {isa = PBXFileReference; lastKnownFileType = text.plist.xml; path = Info.plist; sourceTree = "<group>"; };
		79DB1973209704E0002E7F6D /* BorderButton.swift */ = {isa = PBXFileReference; lastKnownFileType = sourcecode.swift; path = BorderButton.swift; sourceTree = "<group>"; };
		79DB19772097D478002E7F6D /* LeagueVC.swift */ = {isa = PBXFileReference; lastKnownFileType = sourcecode.swift; path = LeagueVC.swift; sourceTree = "<group>"; };
		79DB19792097D488002E7F6D /* SkillVC.swift */ = {isa = PBXFileReference; lastKnownFileType = sourcecode.swift; path = SkillVC.swift; sourceTree = "<group>"; };
		79DB197B2097DE39002E7F6D /* Player.swift */ = {isa = PBXFileReference; lastKnownFileType = sourcecode.swift; path = Player.swift; sourceTree = "<group>"; };
/* End PBXFileReference section */

/* Begin PBXFrameworksBuildPhase section */
		79DB195A2096FDD8002E7F6D /* Frameworks */ = {
			isa = PBXFrameworksBuildPhase;
			buildActionMask = 2147483647;
			files = (
			);
			runOnlyForDeploymentPostprocessing = 0;
		};
/* End PBXFrameworksBuildPhase section */

/* Begin PBXGroup section */
		79DB19542096FDD8002E7F6D = {
			isa = PBXGroup;
			children = (
				79DB195F2096FDD8002E7F6D /* app-swoosh */,
				79DB195E2096FDD8002E7F6D /* Products */,
			);
			sourceTree = "<group>";
		};
		79DB195E2096FDD8002E7F6D /* Products */ = {
			isa = PBXGroup;
			children = (
				79DB195D2096FDD8002E7F6D /* app-swoosh.app */,
			);
			name = Products;
			sourceTree = "<group>";
		};
		79DB195F2096FDD8002E7F6D /* app-swoosh */ = {
			isa = PBXGroup;
			children = (
				79DB19762097D3AB002E7F6D /* Model */,
				79DB19752097D39A002E7F6D /* Controller */,
				79DB1972209703EC002E7F6D /* View */,
				79DB19602096FDD8002E7F6D /* AppDelegate.swift */,
				79DB19642096FDD8002E7F6D /* Main.storyboard */,
				79DB19672096FDDA002E7F6D /* Assets.xcassets */,
				79DB19692096FDDA002E7F6D /* LaunchScreen.storyboard */,
				79DB196C2096FDDA002E7F6D /* Info.plist */,
			);
			path = "app-swoosh";
			sourceTree = "<group>";
		};
		79DB1972209703EC002E7F6D /* View */ = {
			isa = PBXGroup;
			children = (
				79DB1973209704E0002E7F6D /* BorderButton.swift */,
			);
			path = View;
			sourceTree = "<group>";
		};
		79DB19752097D39A002E7F6D /* Controller */ = {
			isa = PBXGroup;
			children = (
				79DB19622096FDD8002E7F6D /* WelcomeVC.swift */,
				79DB19772097D478002E7F6D /* LeagueVC.swift */,
				79DB19792097D488002E7F6D /* SkillVC.swift */,
			);
			path = Controller;
			sourceTree = "<group>";
		};
		79DB19762097D3AB002E7F6D /* Model */ = {
			isa = PBXGroup;
			children = (
				79DB197B2097DE39002E7F6D /* Player.swift */,
			);
			path = Model;
			sourceTree = "<group>";
		};
/* End PBXGroup section */

/* Begin PBXNativeTarget section */
		79DB195C2096FDD8002E7F6D /* app-swoosh */ = {
			isa = PBXNativeTarget;
			buildConfigurationList = 79DB196F2096FDDA002E7F6D /* Build configuration list for PBXNativeTarget "app-swoosh" */;
			buildPhases = (
				79DB19592096FDD8002E7F6D /* Sources */,
				79DB195A2096FDD8002E7F6D /* Frameworks */,
				79DB195B2096FDD8002E7F6D /* Resources */,
			);
			buildRules = (
			);
			dependencies = (
			);
			name = "app-swoosh";
			productName = "app-swoosh";
			productReference = 79DB195D2096FDD8002E7F6D /* app-swoosh.app */;
			productType = "com.apple.product-type.application";
		};
/* End PBXNativeTarget section */

/* Begin PBXProject section */
		79DB19552096FDD8002E7F6D /* Project object */ = {
			isa = PBXProject;
			attributes = {
				LastSwiftUpdateCheck = 0930;
				LastUpgradeCheck = 0930;
				ORGANIZATIONNAME = Junior;
				TargetAttributes = {
					79DB195C2096FDD8002E7F6D = {
						CreatedOnToolsVersion = 9.3;
					};
				};
			};
			buildConfigurationList = 79DB19582096FDD8002E7F6D /* Build configuration list for PBXProject "app-swoosh" */;
			compatibilityVersion = "Xcode 9.3";
			developmentRegion = en;
			hasScannedForEncodings = 0;
			knownRegions = (
				en,
				Base,
			);
			mainGroup = 79DB19542096FDD8002E7F6D;
			productRefGroup = 79DB195E2096FDD8002E7F6D /* Products */;
			projectDirPath = "";
			projectRoot = "";
			targets = (
				79DB195C2096FDD8002E7F6D /* app-swoosh */,
			);
		};
/* End PBXProject section */

/* Begin PBXResourcesBuildPhase section */
		79DB195B2096FDD8002E7F6D /* Resources */ = {
			isa = PBXResourcesBuildPhase;
			buildActionMask = 2147483647;
			files = (
				79DB196B2096FDDA002E7F6D /* LaunchScreen.storyboard in Resources */,
				79DB19682096FDDA002E7F6D /* Assets.xcassets in Resources */,
				79DB19662096FDD8002E7F6D /* Main.storyboard in Resources */,
			);
			runOnlyForDeploymentPostprocessing = 0;
		};
/* End PBXResourcesBuildPhase section */

/* Begin PBXSourcesBuildPhase section */
		79DB19592096FDD8002E7F6D /* Sources */ = {
			isa = PBXSourcesBuildPhase;
			buildActionMask = 2147483647;
			files = (
				79DB19632096FDD8002E7F6D /* WelcomeVC.swift in Sources */,
				79DB19782097D478002E7F6D /* LeagueVC.swift in Sources */,
				79DB19612096FDD8002E7F6D /* AppDelegate.swift in Sources */,
				79DB197A2097D488002E7F6D /* SkillVC.swift in Sources */,
				79DB197C2097DE39002E7F6D /* Player.swift in Sources */,
				79DB1974209704E0002E7F6D /* BorderButton.swift in Sources */,
			);
			runOnlyForDeploymentPostprocessing = 0;
		};
/* End PBXSourcesBuildPhase section */

/* Begin PBXVariantGroup section */
		79DB19642096FDD8002E7F6D /* Main.storyboard */ = {
			isa = PBXVariantGroup;
			children = (
				79DB19652096FDD8002E7F6D /* Base */,
			);
			name = Main.storyboard;
			sourceTree = "<group>";
		};
		79DB19692096FDDA002E7F6D /* LaunchScreen.storyboard */ = {
			isa = PBXVariantGroup;
			children = (
				79DB196A2096FDDA002E7F6D /* Base */,
			);
			name = LaunchScreen.storyboard;
			sourceTree = "<group>";
		};
/* End PBXVariantGroup section */

/* Begin XCBuildConfiguration section */
		79DB196D2096FDDA002E7F6D /* Debug */ = {
			isa = XCBuildConfiguration;
			buildSettings = {
				ALWAYS_SEARCH_USER_PATHS = NO;
				CLANG_ANALYZER_NONNULL = YES;
				CLANG_ANALYZER_NUMBER_OBJECT_CONVERSION = YES_AGGRESSIVE;
				CLANG_CXX_LANGUAGE_STANDARD = "gnu++14";
				CLANG_CXX_LIBRARY = "libc++";
				CLANG_ENABLE_MODULES = YES;
				CLANG_ENABLE_OBJC_ARC = YES;
				CLANG_ENABLE_OBJC_WEAK = YES;
				CLANG_WARN_BLOCK_CAPTURE_AUTORELEASING = YES;
				CLANG_WARN_BOOL_CONVERSION = YES;
				CLANG_WARN_COMMA = YES;
				CLANG_WARN_CONSTANT_CONVERSION = YES;
				CLANG_WARN_DEPRECATED_OBJC_IMPLEMENTATIONS = YES;
				CLANG_WARN_DIRECT_OBJC_ISA_USAGE = YES_ERROR;
				CLANG_WARN_DOCUMENTATION_COMMENTS = YES;
				CLANG_WARN_EMPTY_BODY = YES;
				CLANG_WARN_ENUM_CONVERSION = YES;
				CLANG_WARN_INFINITE_RECURSION = YES;
				CLANG_WARN_INT_CONVERSION = YES;
				CLANG_WARN_NON_LITERAL_NULL_CONVERSION = YES;
				CLANG_WARN_OBJC_IMPLICIT_RETAIN_SELF = YES;
				CLANG_WARN_OBJC_LITERAL_CONVERSION = YES;
				CLANG_WARN_OBJC_ROOT_CLASS = YES_ERROR;
				CLANG_WARN_RANGE_LOOP_ANALYSIS = YES;
				CLANG_WARN_STRICT_PROTOTYPES = YES;
				CLANG_WARN_SUSPICIOUS_MOVE = YES;
				CLANG_WARN_UNGUARDED_AVAILABILITY = YES_AGGRESSIVE;
				CLANG_WARN_UNREACHABLE_CODE = YES;
				CLANG_WARN__DUPLICATE_METHOD_MATCH = YES;
				CODE_SIGN_IDENTITY = "iPhone Developer";
				COPY_PHASE_STRIP = NO;
				DEBUG_INFORMATION_FORMAT = dwarf;
				ENABLE_STRICT_OBJC_MSGSEND = YES;
				ENABLE_TESTABILITY = YES;
				GCC_C_LANGUAGE_STANDARD = gnu11;
				GCC_DYNAMIC_NO_PIC = NO;
				GCC_NO_COMMON_BLOCKS = YES;
				GCC_OPTIMIZATION_LEVEL = 0;
				GCC_PREPROCESSOR_DEFINITIONS = (
					"DEBUG=1",
					"$(inherited)",
				);
				GCC_WARN_64_TO_32_BIT_CONVERSION = YES;
				GCC_WARN_ABOUT_RETURN_TYPE = YES_ERROR;
				GCC_WARN_UNDECLARED_SELECTOR = YES;
				GCC_WARN_UNINITIALIZED_AUTOS = YES_AGGRESSIVE;
				GCC_WARN_UNUSED_FUNCTION = YES;
				GCC_WARN_UNUSED_VARIABLE = YES;
				IPHONEOS_DEPLOYMENT_TARGET = 11.3;
				MTL_ENABLE_DEBUG_INFO = YES;
				ONLY_ACTIVE_ARCH = YES;
				SDKROOT = iphoneos;
				SWIFT_ACTIVE_COMPILATION_CONDITIONS = DEBUG;
				SWIFT_OPTIMIZATION_LEVEL = "-Onone";
			};
			name = Debug;
		};
		79DB196E2096FDDA002E7F6D /* Release */ = {
			isa = XCBuildConfiguration;
			buildSettings = {
				ALWAYS_SEARCH_USER_PATHS = NO;
				CLANG_ANALYZER_NONNULL = YES;
				CLANG_ANALYZER_NUMBER_OBJECT_CONVERSION = YES_AGGRESSIVE;
				CLANG_CXX_LANGUAGE_STANDARD = "gnu++14";
				CLANG_CXX_LIBRARY = "libc++";
				CLANG_ENABLE_MODULES = YES;
				CLANG_ENABLE_OBJC_ARC = YES;
				CLANG_ENABLE_OBJC_WEAK = YES;
				CLANG_WARN_BLOCK_CAPTURE_AUTORELEASING = YES;
				CLANG_WARN_BOOL_CONVERSION = YES;
				CLANG_WARN_COMMA = YES;
				CLANG_WARN_CONSTANT_CONVERSION = YES;
				CLANG_WARN_DEPRECATED_OBJC_IMPLEMENTATIONS = YES;
				CLANG_WARN_DIRECT_OBJC_ISA_USAGE = YES_ERROR;
				CLANG_WARN_DOCUMENTATION_COMMENTS = YES;
				CLANG_WARN_EMPTY_BODY = YES;
				CLANG_WARN_ENUM_CONVERSION = YES;
				CLANG_WARN_INFINITE_RECURSION = YES;
				CLANG_WARN_INT_CONVERSION = YES;
				CLANG_WARN_NON_LITERAL_NULL_CONVERSION = YES;
				CLANG_WARN_OBJC_IMPLICIT_RETAIN_SELF = YES;
				CLANG_WARN_OBJC_LITERAL_CONVERSION = YES;
				CLANG_WARN_OBJC_ROOT_CLASS = YES_ERROR;
				CLANG_WARN_RANGE_LOOP_ANALYSIS = YES;
				CLANG_WARN_STRICT_PROTOTYPES = YES;
				CLANG_WARN_SUSPICIOUS_MOVE = YES;
				CLANG_WARN_UNGUARDED_AVAILABILITY = YES_AGGRESSIVE;
				CLANG_WARN_UNREACHABLE_CODE = YES;
				CLANG_WARN__DUPLICATE_METHOD_MATCH = YES;
				CODE_SIGN_IDENTITY = "iPhone Developer";
				COPY_PHASE_STRIP = NO;
				DEBUG_INFORMATION_FORMAT = "dwarf-with-dsym";
				ENABLE_NS_ASSERTIONS = NO;
				ENABLE_STRICT_OBJC_MSGSEND = YES;
				GCC_C_LANGUAGE_STANDARD = gnu11;
				GCC_NO_COMMON_BLOCKS = YES;
				GCC_WARN_64_TO_32_BIT_CONVERSION = YES;
				GCC_WARN_ABOUT_RETURN_TYPE = YES_ERROR;
				GCC_WARN_UNDECLARED_SELECTOR = YES;
				GCC_WARN_UNINITIALIZED_AUTOS = YES_AGGRESSIVE;
				GCC_WARN_UNUSED_FUNCTION = YES;
				GCC_WARN_UNUSED_VARIABLE = YES;
				IPHONEOS_DEPLOYMENT_TARGET = 11.3;
				MTL_ENABLE_DEBUG_INFO = NO;
				SDKROOT = iphoneos;
				SWIFT_COMPILATION_MODE = wholemodule;
				SWIFT_OPTIMIZATION_LEVEL = "-O";
				VALIDATE_PRODUCT = YES;
			};
			name = Release;
		};
		79DB19702096FDDA002E7F6D /* Debug */ = {
			isa = XCBuildConfiguration;
			buildSettings = {
				ASSETCATALOG_COMPILER_APPICON_NAME = AppIcon;
				CODE_SIGN_STYLE = Automatic;
				DEVELOPMENT_TEAM = LVGS62PH7K;
				INFOPLIST_FILE = "app-swoosh/Info.plist";
				LD_RUNPATH_SEARCH_PATHS = (
					"$(inherited)",
					"@executable_path/Frameworks",
				);
				PRODUCT_BUNDLE_IDENTIFIER = "Junior.app-swoosh";
				PRODUCT_NAME = "$(TARGET_NAME)";
				SWIFT_VERSION = 4.0;
				TARGETED_DEVICE_FAMILY = "1,2";
			};
			name = Debug;
		};
		79DB19712096FDDA002E7F6D /* Release */ = {
			isa = XCBuildConfiguration;
			buildSettings = {
				ASSETCATALOG_COMPILER_APPICON_NAME = AppIcon;
				CODE_SIGN_STYLE = Automatic;
				DEVELOPMENT_TEAM = LVGS62PH7K;
				INFOPLIST_FILE = "app-swoosh/Info.plist";
				LD_RUNPATH_SEARCH_PATHS = (
					"$(inherited)",
					"@executable_path/Frameworks",
				);
				PRODUCT_BUNDLE_IDENTIFIER = "Junior.app-swoosh";
				PRODUCT_NAME = "$(TARGET_NAME)";
				SWIFT_VERSION = 4.0;
				TARGETED_DEVICE_FAMILY = "1,2";
			};
			name = Release;
		};
/* End XCBuildConfiguration section */

/* Begin XCConfigurationList section */
		79DB19582096FDD8002E7F6D /* Build configuration list for PBXProject "app-swoosh" */ = {
			isa = XCConfigurationList;
			buildConfigurations = (
				79DB196D2096FDDA002E7F6D /* Debug */,
				79DB196E2096FDDA002E7F6D /* Release */,
			);
			defaultConfigurationIsVisible = 0;
			defaultConfigurationName = Release;
		};
		79DB196F2096FDDA002E7F6D /* Build configuration list for PBXNativeTarget "app-swoosh" */ = {
			isa = XCConfigurationList;
			buildConfigurations = (
				79DB19702096FDDA002E7F6D /* Debug */,
				79DB19712096FDDA002E7F6D /* Release */,
			);
			defaultConfigurationIsVisible = 0;
			defaultConfigurationName = Release;
		};
/* End XCConfigurationList section */
	};
	rootObject = 79DB19552096FDD8002E7F6D /* Project object */;
}
